
Microsoft Visual Studio Solution File, Format Version 12.00
# Visual Studio Version 17
VisualStudioVersion = 17.6.33815.320
MinimumVisualStudioVersion = 10.0.40219.1
Project("{FAE04EC0-301F-11D3-BF4B-00C04F79EFBC}") = "ASP.NETMVCClassWork", "ASP.NETMVCClassWork\ASP.NETMVCClassWork.csproj", "{9DB4B446-A385-4807-A96E-F5DF0444FADF}"
EndProject
Project("{FAE04EC0-301F-11D3-BF4B-00C04F79EFBC}") = "UnitTestProject1", "UnitTestProject1\UnitTestProject1.csproj", "{CD84BB45-B34C-4DC4-B6F2-2F5F777F88C4}"
EndProject
Global
	GlobalSection(SolutionConfigurationPlatforms) = preSolution
		Debug|Any CPU = Debug|Any CPU
		Release|Any CPU = Release|Any CPU
	EndGlobalSection
	GlobalSection(ProjectConfigurationPlatforms) = postSolution
		{9DB4B446-A385-4807-A96E-F5DF0444FADF}.Debug|Any CPU.ActiveCfg = Debug|Any CPU
		{9DB4B446-A385-4807-A96E-F5DF0444FADF}.Debug|Any CPU.Build.0 = Debug|Any CPU
		{9DB4B446-A385-4807-A96E-F5DF0444FADF}.Release|Any CPU.ActiveCfg = Release|Any CPU
		{9DB4B446-A385-4807-A96E-F5DF0444FADF}.Release|Any CPU.Build.0 = Release|Any CPU
		{CD84BB45-B34C-4DC4-B6F2-2F5F777F88C4}.Debug|Any CPU.ActiveCfg = Debug|Any CPU
		{CD84BB45-B34C-4DC4-B6F2-2F5F777F88C4}.Debug|Any CPU.Build.0 = Debug|Any CPU
		{CD84BB45-B34C-4DC4-B6F2-2F5F777F88C4}.Release|Any CPU.ActiveCfg = Release|Any CPU
		{CD84BB45-B34C-4DC4-B6F2-2F5F777F88C4}.Release|Any CPU.Build.0 = Release|Any CPU
	EndGlobalSection
	GlobalSection(SolutionProperties) = preSolution
		HideSolutionNode = FALSE
	EndGlobalSection
	GlobalSection(ExtensibilityGlobals) = postSolution
		SolutionGuid = {9D3D12D5-8BB7-410B-98EC-68D770EA8FF6}
	EndGlobalSection
EndGlobal
